// !$*UTF8*$!
{
	archiveVersion = 1;
	classes = {
	};
	objectVersion = 52;
	objects = {

/* Begin PBXBuildFile section */
		4F54386E297C65F30077507C /* Car.swift in Sources */ = {isa = PBXBuildFile; fileRef = 4F54386D297C65F30077507C /* Car.swift */; };
		4F543870297C66C30077507C /* CarService.swift in Sources */ = {isa = PBXBuildFile; fileRef = 4F54386F297C66C30077507C /* CarService.swift */; };
		4F543872297C68CE0077507C /* CarViewModel.swift in Sources */ = {isa = PBXBuildFile; fileRef = 4F543871297C68CE0077507C /* CarViewModel.swift */; };
		4F543875297C6B0C0077507C /* car_list.json in Resources */ = {isa = PBXBuildFile; fileRef = 4F543874297C6B0C0077507C /* car_list.json */; };
		4F543878297C6B240077507C /* BMW_330i.jpg in Resources */ = {isa = PBXBuildFile; fileRef = 4F543876297C6B240077507C /* BMW_330i.jpg */; };
		4F543879297C6B240077507C /* Alpine_roadster.jpg in Resources */ = {isa = PBXBuildFile; fileRef = 4F543877297C6B240077507C /* Alpine_roadster.jpg */; };
		4F54387B297C6B300077507C /* Guidomia.png in Resources */ = {isa = PBXBuildFile; fileRef = 4F54387A297C6B300077507C /* Guidomia.png */; };
		4F54387D297C6B380077507C /* Mercedez_benz_GLC.jpg in Resources */ = {isa = PBXBuildFile; fileRef = 4F54387C297C6B380077507C /* Mercedez_benz_GLC.jpg */; };
		4F543880297C6B430077507C /* Range_Rover.jpg in Resources */ = {isa = PBXBuildFile; fileRef = 4F54387E297C6B430077507C /* Range_Rover.jpg */; };
		4F543881297C6B430077507C /* Tacoma.jpg in Resources */ = {isa = PBXBuildFile; fileRef = 4F54387F297C6B430077507C /* Tacoma.jpg */; };
		4F709526297C7A19003B20D5 /* HeaderCell.swift in Sources */ = {isa = PBXBuildFile; fileRef = 4F709525297C7A19003B20D5 /* HeaderCell.swift */; };
		4F709528297C8BC9003B20D5 /* CarFilterCell.swift in Sources */ = {isa = PBXBuildFile; fileRef = 4F709527297C8BC9003B20D5 /* CarFilterCell.swift */; };
		4F70952A297C9AE0003B20D5 /* CarCell.swift in Sources */ = {isa = PBXBuildFile; fileRef = 4F709529297C9AE0003B20D5 /* CarCell.swift */; };
		4F709531297C9D3F003B20D5 /* Cosmos in Frameworks */ = {isa = PBXBuildFile; productRef = 4F709530297C9D3F003B20D5 /* Cosmos */; };
		4F709534297C9D81003B20D5 /* Kingfisher in Frameworks */ = {isa = PBXBuildFile; productRef = 4F709533297C9D81003B20D5 /* Kingfisher */; };
		4FFB8155297C145400C419D8 /* AppDelegate.swift in Sources */ = {isa = PBXBuildFile; fileRef = 4FFB8154297C145400C419D8 /* AppDelegate.swift */; };
		4FFB8159297C145400C419D8 /* ViewController.swift in Sources */ = {isa = PBXBuildFile; fileRef = 4FFB8158297C145400C419D8 /* ViewController.swift */; };
		4FFB815E297C145700C419D8 /* Assets.xcassets in Resources */ = {isa = PBXBuildFile; fileRef = 4FFB815D297C145700C419D8 /* Assets.xcassets */; };
		4FFB8161297C145700C419D8 /* LaunchScreen.storyboard in Resources */ = {isa = PBXBuildFile; fileRef = 4FFB815F297C145700C419D8 /* LaunchScreen.storyboard */; };
		4FFB816C297C145700C419D8 /* BellMediaTestTests.swift in Sources */ = {isa = PBXBuildFile; fileRef = 4FFB816B297C145700C419D8 /* BellMediaTestTests.swift */; };
		4FFB8177297C145700C419D8 /* BellMediaTestUITests.swift in Sources */ = {isa = PBXBuildFile; fileRef = 4FFB8176297C145700C419D8 /* BellMediaTestUITests.swift */; };
/* End PBXBuildFile section */

/* Begin PBXContainerItemProxy section */
		4FFB8168297C145700C419D8 /* PBXContainerItemProxy */ = {
			isa = PBXContainerItemProxy;
			containerPortal = 4FFB8149297C145300C419D8 /* Project object */;
			proxyType = 1;
			remoteGlobalIDString = 4FFB8150297C145400C419D8;
			remoteInfo = BellMediaTest;
		};
		4FFB8173297C145700C419D8 /* PBXContainerItemProxy */ = {
			isa = PBXContainerItemProxy;
			containerPortal = 4FFB8149297C145300C419D8 /* Project object */;
			proxyType = 1;
			remoteGlobalIDString = 4FFB8150297C145400C419D8;
			remoteInfo = BellMediaTest;
		};
/* End PBXContainerItemProxy section */

/* Begin PBXFileReference section */
		4F54386D297C65F30077507C /* Car.swift */ = {isa = PBXFileReference; lastKnownFileType = sourcecode.swift; path = Car.swift; sourceTree = "<group>"; };
		4F54386F297C66C30077507C /* CarService.swift */ = {isa = PBXFileReference; lastKnownFileType = sourcecode.swift; path = CarService.swift; sourceTree = "<group>"; };
		4F543871297C68CE0077507C /* CarViewModel.swift */ = {isa = PBXFileReference; lastKnownFileType = sourcecode.swift; path = CarViewModel.swift; sourceTree = "<group>"; };
		4F543874297C6B0C0077507C /* car_list.json */ = {isa = PBXFileReference; fileEncoding = 4; lastKnownFileType = text.json; path = car_list.json; sourceTree = "<group>"; };
		4F543876297C6B240077507C /* BMW_330i.jpg */ = {isa = PBXFileReference; lastKnownFileType = image.jpeg; path = BMW_330i.jpg; sourceTree = "<group>"; };
		4F543877297C6B240077507C /* Alpine_roadster.jpg */ = {isa = PBXFileReference; lastKnownFileType = image.jpeg; path = Alpine_roadster.jpg; sourceTree = "<group>"; };
		4F54387A297C6B300077507C /* Guidomia.png */ = {isa = PBXFileReference; lastKnownFileType = image.png; path = Guidomia.png; sourceTree = "<group>"; };
		4F54387C297C6B380077507C /* Mercedez_benz_GLC.jpg */ = {isa = PBXFileReference; lastKnownFileType = image.jpeg; path = Mercedez_benz_GLC.jpg; sourceTree = "<group>"; };
		4F54387E297C6B430077507C /* Range_Rover.jpg */ = {isa = PBXFileReference; lastKnownFileType = image.jpeg; path = Range_Rover.jpg; sourceTree = "<group>"; };
		4F54387F297C6B430077507C /* Tacoma.jpg */ = {isa = PBXFileReference; lastKnownFileType = image.jpeg; path = Tacoma.jpg; sourceTree = "<group>"; };
		4F709525297C7A19003B20D5 /* HeaderCell.swift */ = {isa = PBXFileReference; lastKnownFileType = sourcecode.swift; path = HeaderCell.swift; sourceTree = "<group>"; };
		4F709527297C8BC9003B20D5 /* CarFilterCell.swift */ = {isa = PBXFileReference; lastKnownFileType = sourcecode.swift; path = CarFilterCell.swift; sourceTree = "<group>"; };
		4F709529297C9AE0003B20D5 /* CarCell.swift */ = {isa = PBXFileReference; lastKnownFileType = sourcecode.swift; path = CarCell.swift; sourceTree = "<group>"; };
		4FFB8151297C145400C419D8 /* BellMediaTest.app */ = {isa = PBXFileReference; explicitFileType = wrapper.application; includeInIndex = 0; path = BellMediaTest.app; sourceTree = BUILT_PRODUCTS_DIR; };
		4FFB8154297C145400C419D8 /* AppDelegate.swift */ = {isa = PBXFileReference; lastKnownFileType = sourcecode.swift; path = AppDelegate.swift; sourceTree = "<group>"; };
		4FFB8158297C145400C419D8 /* ViewController.swift */ = {isa = PBXFileReference; lastKnownFileType = sourcecode.swift; path = ViewController.swift; sourceTree = "<group>"; };
		4FFB815D297C145700C419D8 /* Assets.xcassets */ = {isa = PBXFileReference; lastKnownFileType = folder.assetcatalog; path = Assets.xcassets; sourceTree = "<group>"; };
		4FFB8160297C145700C419D8 /* Base */ = {isa = PBXFileReference; lastKnownFileType = file.storyboard; name = Base; path = Base.lproj/LaunchScreen.storyboard; sourceTree = "<group>"; };
		4FFB8162297C145700C419D8 /* Info.plist */ = {isa = PBXFileReference; lastKnownFileType = text.plist.xml; path = Info.plist; sourceTree = "<group>"; };
		4FFB8167297C145700C419D8 /* BellMediaTestTests.xctest */ = {isa = PBXFileReference; explicitFileType = wrapper.cfbundle; includeInIndex = 0; path = BellMediaTestTests.xctest; sourceTree = BUILT_PRODUCTS_DIR; };
		4FFB816B297C145700C419D8 /* BellMediaTestTests.swift */ = {isa = PBXFileReference; lastKnownFileType = sourcecode.swift; path = BellMediaTestTests.swift; sourceTree = "<group>"; };
		4FFB816D297C145700C419D8 /* Info.plist */ = {isa = PBXFileReference; lastKnownFileType = text.plist.xml; path = Info.plist; sourceTree = "<group>"; };
		4FFB8172297C145700C419D8 /* BellMediaTestUITests.xctest */ = {isa = PBXFileReference; explicitFileType = wrapper.cfbundle; includeInIndex = 0; path = BellMediaTestUITests.xctest; sourceTree = BUILT_PRODUCTS_DIR; };
		4FFB8176297C145700C419D8 /* BellMediaTestUITests.swift */ = {isa = PBXFileReference; lastKnownFileType = sourcecode.swift; path = BellMediaTestUITests.swift; sourceTree = "<group>"; };
		4FFB8178297C145700C419D8 /* Info.plist */ = {isa = PBXFileReference; lastKnownFileType = text.plist.xml; path = Info.plist; sourceTree = "<group>"; };
/* End PBXFileReference section */

/* Begin PBXFrameworksBuildPhase section */
		4FFB814E297C145400C419D8 /* Frameworks */ = {
			isa = PBXFrameworksBuildPhase;
			buildActionMask = 2147483647;
			files = (
				4F709534297C9D81003B20D5 /* Kingfisher in Frameworks */,
				4F709531297C9D3F003B20D5 /* Cosmos in Frameworks */,
			);
			runOnlyForDeploymentPostprocessing = 0;
		};
		4FFB8164297C145700C419D8 /* Frameworks */ = {
			isa = PBXFrameworksBuildPhase;
			buildActionMask = 2147483647;
			files = (
			);
			runOnlyForDeploymentPostprocessing = 0;
		};
		4FFB816F297C145700C419D8 /* Frameworks */ = {
			isa = PBXFrameworksBuildPhase;
			buildActionMask = 2147483647;
			files = (
			);
			runOnlyForDeploymentPostprocessing = 0;
		};
/* End PBXFrameworksBuildPhase section */

/* Begin PBXGroup section */
		4F543869297C654E0077507C /* Views */ = {
			isa = PBXGroup;
			children = (
				4F709524297C79BA003B20D5 /* TableCell */,
				4FFB8158297C145400C419D8 /* ViewController.swift */,
			);
			path = Views;
			sourceTree = "<group>";
		};
		4F54386A297C65610077507C /* ViewModel */ = {
			isa = PBXGroup;
			children = (
				4F543871297C68CE0077507C /* CarViewModel.swift */,
			);
			path = ViewModel;
			sourceTree = "<group>";
		};
		4F54386B297C65B60077507C /* Service */ = {
			isa = PBXGroup;
			children = (
				4F54386F297C66C30077507C /* CarService.swift */,
			);
			path = Service;
			sourceTree = "<group>";
		};
		4F54386C297C65D20077507C /* Model */ = {
			isa = PBXGroup;
			children = (
				4F54386D297C65F30077507C /* Car.swift */,
			);
			path = Model;
			sourceTree = "<group>";
		};
		4F543873297C6AEE0077507C /* Data */ = {
			isa = PBXGroup;
			children = (
				4F543874297C6B0C0077507C /* car_list.json */,
				4F543877297C6B240077507C /* Alpine_roadster.jpg */,
				4F543876297C6B240077507C /* BMW_330i.jpg */,
				4F54387A297C6B300077507C /* Guidomia.png */,
				4F54387C297C6B380077507C /* Mercedez_benz_GLC.jpg */,
				4F54387E297C6B430077507C /* Range_Rover.jpg */,
				4F54387F297C6B430077507C /* Tacoma.jpg */,
			);
			path = Data;
			sourceTree = "<group>";
		};
		4F709524297C79BA003B20D5 /* TableCell */ = {
			isa = PBXGroup;
			children = (
				4F709525297C7A19003B20D5 /* HeaderCell.swift */,
				4F709527297C8BC9003B20D5 /* CarFilterCell.swift */,
				4F709529297C9AE0003B20D5 /* CarCell.swift */,
			);
			path = TableCell;
			sourceTree = "<group>";
		};
		4FFB8148297C145300C419D8 = {
			isa = PBXGroup;
			children = (
				4FFB8153297C145400C419D8 /* BellMediaTest */,
				4FFB816A297C145700C419D8 /* BellMediaTestTests */,
				4FFB8175297C145700C419D8 /* BellMediaTestUITests */,
				4FFB8152297C145400C419D8 /* Products */,
			);
			sourceTree = "<group>";
		};
		4FFB8152297C145400C419D8 /* Products */ = {
			isa = PBXGroup;
			children = (
				4FFB8151297C145400C419D8 /* BellMediaTest.app */,
				4FFB8167297C145700C419D8 /* BellMediaTestTests.xctest */,
				4FFB8172297C145700C419D8 /* BellMediaTestUITests.xctest */,
			);
			name = Products;
			sourceTree = "<group>";
		};
		4FFB8153297C145400C419D8 /* BellMediaTest */ = {
			isa = PBXGroup;
			children = (
				4F543873297C6AEE0077507C /* Data */,
				4F54386C297C65D20077507C /* Model */,
				4F54386B297C65B60077507C /* Service */,
				4F54386A297C65610077507C /* ViewModel */,
				4F543869297C654E0077507C /* Views */,
				4FFB8154297C145400C419D8 /* AppDelegate.swift */,
				4FFB815D297C145700C419D8 /* Assets.xcassets */,
				4FFB815F297C145700C419D8 /* LaunchScreen.storyboard */,
				4FFB8162297C145700C419D8 /* Info.plist */,
			);
			path = BellMediaTest;
			sourceTree = "<group>";
		};
		4FFB816A297C145700C419D8 /* BellMediaTestTests */ = {
			isa = PBXGroup;
			children = (
				4FFB816B297C145700C419D8 /* BellMediaTestTests.swift */,
				4FFB816D297C145700C419D8 /* Info.plist */,
			);
			path = BellMediaTestTests;
			sourceTree = "<group>";
		};
		4FFB8175297C145700C419D8 /* BellMediaTestUITests */ = {
			isa = PBXGroup;
			children = (
				4FFB8176297C145700C419D8 /* BellMediaTestUITests.swift */,
				4FFB8178297C145700C419D8 /* Info.plist */,
			);
			path = BellMediaTestUITests;
			sourceTree = "<group>";
		};
/* End PBXGroup section */

/* Begin PBXNativeTarget section */
		4FFB8150297C145400C419D8 /* BellMediaTest */ = {
			isa = PBXNativeTarget;
			buildConfigurationList = 4FFB817B297C145700C419D8 /* Build configuration list for PBXNativeTarget "BellMediaTest" */;
			buildPhases = (
				4FFB814D297C145400C419D8 /* Sources */,
				4FFB814E297C145400C419D8 /* Frameworks */,
				4FFB814F297C145400C419D8 /* Resources */,
			);
			buildRules = (
			);
			dependencies = (
			);
			name = BellMediaTest;
			packageProductDependencies = (
				4F709530297C9D3F003B20D5 /* Cosmos */,
				4F709533297C9D81003B20D5 /* Kingfisher */,
			);
			productName = BellMediaTest;
			productReference = 4FFB8151297C145400C419D8 /* BellMediaTest.app */;
			productType = "com.apple.product-type.application";
		};
		4FFB8166297C145700C419D8 /* BellMediaTestTests */ = {
			isa = PBXNativeTarget;
			buildConfigurationList = 4FFB817E297C145700C419D8 /* Build configuration list for PBXNativeTarget "BellMediaTestTests" */;
			buildPhases = (
				4FFB8163297C145700C419D8 /* Sources */,
				4FFB8164297C145700C419D8 /* Frameworks */,
				4FFB8165297C145700C419D8 /* Resources */,
			);
			buildRules = (
			);
			dependencies = (
				4FFB8169297C145700C419D8 /* PBXTargetDependency */,
			);
			name = BellMediaTestTests;
			productName = BellMediaTestTests;
			productReference = 4FFB8167297C145700C419D8 /* BellMediaTestTests.xctest */;
			productType = "com.apple.product-type.bundle.unit-test";
		};
		4FFB8171297C145700C419D8 /* BellMediaTestUITests */ = {
			isa = PBXNativeTarget;
			buildConfigurationList = 4FFB8181297C145700C419D8 /* Build configuration list for PBXNativeTarget "BellMediaTestUITests" */;
			buildPhases = (
				4FFB816E297C145700C419D8 /* Sources */,
				4FFB816F297C145700C419D8 /* Frameworks */,
				4FFB8170297C145700C419D8 /* Resources */,
			);
			buildRules = (
			);
			dependencies = (
				4FFB8174297C145700C419D8 /* PBXTargetDependency */,
			);
			name = BellMediaTestUITests;
			productName = BellMediaTestUITests;
			productReference = 4FFB8172297C145700C419D8 /* BellMediaTestUITests.xctest */;
			productType = "com.apple.product-type.bundle.ui-testing";
		};
/* End PBXNativeTarget section */

/* Begin PBXProject section */
		4FFB8149297C145300C419D8 /* Project object */ = {
			isa = PBXProject;
			attributes = {
				LastSwiftUpdateCheck = 1250;
				LastUpgradeCheck = 1250;
				TargetAttributes = {
					4FFB8150297C145400C419D8 = {
						CreatedOnToolsVersion = 12.5;
					};
					4FFB8166297C145700C419D8 = {
						CreatedOnToolsVersion = 12.5;
						TestTargetID = 4FFB8150297C145400C419D8;
					};
					4FFB8171297C145700C419D8 = {
						CreatedOnToolsVersion = 12.5;
						TestTargetID = 4FFB8150297C145400C419D8;
					};
				};
			};
			buildConfigurationList = 4FFB814C297C145300C419D8 /* Build configuration list for PBXProject "BellMediaTest" */;
			compatibilityVersion = "Xcode 9.3";
			developmentRegion = en;
			hasScannedForEncodings = 0;
			knownRegions = (
				en,
				Base,
			);
			mainGroup = 4FFB8148297C145300C419D8;
			packageReferences = (
				4F70952F297C9D3F003B20D5 /* XCRemoteSwiftPackageReference "Cosmos" */,
				4F709532297C9D81003B20D5 /* XCRemoteSwiftPackageReference "Kingfisher" */,
			);
			productRefGroup = 4FFB8152297C145400C419D8 /* Products */;
			projectDirPath = "";
			projectRoot = "";
			targets = (
				4FFB8150297C145400C419D8 /* BellMediaTest */,
				4FFB8166297C145700C419D8 /* BellMediaTestTests */,
				4FFB8171297C145700C419D8 /* BellMediaTestUITests */,
			);
		};
/* End PBXProject section */

/* Begin PBXResourcesBuildPhase section */
		4FFB814F297C145400C419D8 /* Resources */ = {
			isa = PBXResourcesBuildPhase;
			buildActionMask = 2147483647;
			files = (
				4F543880297C6B430077507C /* Range_Rover.jpg in Resources */,
				4FFB8161297C145700C419D8 /* LaunchScreen.storyboard in Resources */,
				4F543879297C6B240077507C /* Alpine_roadster.jpg in Resources */,
				4F54387B297C6B300077507C /* Guidomia.png in Resources */,
				4F54387D297C6B380077507C /* Mercedez_benz_GLC.jpg in Resources */,
				4F543881297C6B430077507C /* Tacoma.jpg in Resources */,
				4F543875297C6B0C0077507C /* car_list.json in Resources */,
				4FFB815E297C145700C419D8 /* Assets.xcassets in Resources */,
				4F543878297C6B240077507C /* BMW_330i.jpg in Resources */,
			);
			runOnlyForDeploymentPostprocessing = 0;
		};
		4FFB8165297C145700C419D8 /* Resources */ = {
			isa = PBXResourcesBuildPhase;
			buildActionMask = 2147483647;
			files = (
			);
			runOnlyForDeploymentPostprocessing = 0;
		};
		4FFB8170297C145700C419D8 /* Resources */ = {
			isa = PBXResourcesBuildPhase;
			buildActionMask = 2147483647;
			files = (
			);
			runOnlyForDeploymentPostprocessing = 0;
		};
/* End PBXResourcesBuildPhase section */

/* Begin PBXSourcesBuildPhase section */
		4FFB814D297C145400C419D8 /* Sources */ = {
			isa = PBXSourcesBuildPhase;
			buildActionMask = 2147483647;
			files = (
				4F709528297C8BC9003B20D5 /* CarFilterCell.swift in Sources */,
				4FFB8159297C145400C419D8 /* ViewController.swift in Sources */,
				4FFB8155297C145400C419D8 /* AppDelegate.swift in Sources */,
				4F543872297C68CE0077507C /* CarViewModel.swift in Sources */,
				4F543870297C66C30077507C /* CarService.swift in Sources */,
				4F709526297C7A19003B20D5 /* HeaderCell.swift in Sources */,
				4F70952A297C9AE0003B20D5 /* CarCell.swift in Sources */,
				4F54386E297C65F30077507C /* Car.swift in Sources */,
			);
			runOnlyForDeploymentPostprocessing = 0;
		};
		4FFB8163297C145700C419D8 /* Sources */ = {
			isa = PBXSourcesBuildPhase;
			buildActionMask = 2147483647;
			files = (
				4FFB816C297C145700C419D8 /* BellMediaTestTests.swift in Sources */,
			);
			runOnlyForDeploymentPostprocessing = 0;
		};
		4FFB816E297C145700C419D8 /* Sources */ = {
			isa = PBXSourcesBuildPhase;
			buildActionMask = 2147483647;
			files = (
				4FFB8177297C145700C419D8 /* BellMediaTestUITests.swift in Sources */,
			);
			runOnlyForDeploymentPostprocessing = 0;
		};
/* End PBXSourcesBuildPhase section */

/* Begin PBXTargetDependency section */
		4FFB8169297C145700C419D8 /* PBXTargetDependency */ = {
			isa = PBXTargetDependency;
			target = 4FFB8150297C145400C419D8 /* BellMediaTest */;
			targetProxy = 4FFB8168297C145700C419D8 /* PBXContainerItemProxy */;
		};
		4FFB8174297C145700C419D8 /* PBXTargetDependency */ = {
			isa = PBXTargetDependency;
			target = 4FFB8150297C145400C419D8 /* BellMediaTest */;
			targetProxy = 4FFB8173297C145700C419D8 /* PBXContainerItemProxy */;
		};
/* End PBXTargetDependency section */

/* Begin PBXVariantGroup section */
		4FFB815F297C145700C419D8 /* LaunchScreen.storyboard */ = {
			isa = PBXVariantGroup;
			children = (
				4FFB8160297C145700C419D8 /* Base */,
			);
			name = LaunchScreen.storyboard;
			sourceTree = "<group>";
		};
/* End PBXVariantGroup section */

/* Begin XCBuildConfiguration section */
		4FFB8179297C145700C419D8 /* Debug */ = {
			isa = XCBuildConfiguration;
			buildSettings = {
				ALWAYS_SEARCH_USER_PATHS = NO;
				CLANG_ANALYZER_NONNULL = YES;
				CLANG_ANALYZER_NUMBER_OBJECT_CONVERSION = YES_AGGRESSIVE;
				CLANG_CXX_LANGUAGE_STANDARD = "gnu++14";
				CLANG_CXX_LIBRARY = "libc++";
				CLANG_ENABLE_MODULES = YES;
				CLANG_ENABLE_OBJC_ARC = YES;
				CLANG_ENABLE_OBJC_WEAK = YES;
				CLANG_WARN_BLOCK_CAPTURE_AUTORELEASING = YES;
				CLANG_WARN_BOOL_CONVERSION = YES;
				CLANG_WARN_COMMA = YES;
				CLANG_WARN_CONSTANT_CONVERSION = YES;
				CLANG_WARN_DEPRECATED_OBJC_IMPLEMENTATIONS = YES;
				CLANG_WARN_DIRECT_OBJC_ISA_USAGE = YES_ERROR;
				CLANG_WARN_DOCUMENTATION_COMMENTS = YES;
				CLANG_WARN_EMPTY_BODY = YES;
				CLANG_WARN_ENUM_CONVERSION = YES;
				CLANG_WARN_INFINITE_RECURSION = YES;
				CLANG_WARN_INT_CONVERSION = YES;
				CLANG_WARN_NON_LITERAL_NULL_CONVERSION = YES;
				CLANG_WARN_OBJC_IMPLICIT_RETAIN_SELF = YES;
				CLANG_WARN_OBJC_LITERAL_CONVERSION = YES;
				CLANG_WARN_OBJC_ROOT_CLASS = YES_ERROR;
				CLANG_WARN_QUOTED_INCLUDE_IN_FRAMEWORK_HEADER = YES;
				CLANG_WARN_RANGE_LOOP_ANALYSIS = YES;
				CLANG_WARN_STRICT_PROTOTYPES = YES;
				CLANG_WARN_SUSPICIOUS_MOVE = YES;
				CLANG_WARN_UNGUARDED_AVAILABILITY = YES_AGGRESSIVE;
				CLANG_WARN_UNREACHABLE_CODE = YES;
				CLANG_WARN__DUPLICATE_METHOD_MATCH = YES;
				COPY_PHASE_STRIP = NO;
				DEBUG_INFORMATION_FORMAT = dwarf;
				ENABLE_STRICT_OBJC_MSGSEND = YES;
				ENABLE_TESTABILITY = YES;
				GCC_C_LANGUAGE_STANDARD = gnu11;
				GCC_DYNAMIC_NO_PIC = NO;
				GCC_NO_COMMON_BLOCKS = YES;
				GCC_OPTIMIZATION_LEVEL = 0;
				GCC_PREPROCESSOR_DEFINITIONS = (
					"DEBUG=1",
					"$(inherited)",
				);
				GCC_WARN_64_TO_32_BIT_CONVERSION = YES;
				GCC_WARN_ABOUT_RETURN_TYPE = YES_ERROR;
				GCC_WARN_UNDECLARED_SELECTOR = YES;
				GCC_WARN_UNINITIALIZED_AUTOS = YES_AGGRESSIVE;
				GCC_WARN_UNUSED_FUNCTION = YES;
				GCC_WARN_UNUSED_VARIABLE = YES;
				IPHONEOS_DEPLOYMENT_TARGET = 14.5;
				MTL_ENABLE_DEBUG_INFO = INCLUDE_SOURCE;
				MTL_FAST_MATH = YES;
				ONLY_ACTIVE_ARCH = YES;
				SDKROOT = iphoneos;
				SWIFT_ACTIVE_COMPILATION_CONDITIONS = DEBUG;
				SWIFT_OPTIMIZATION_LEVEL = "-Onone";
			};
			name = Debug;
		};
		4FFB817A297C145700C419D8 /* Release */ = {
			isa = XCBuildConfiguration;
			buildSettings = {
				ALWAYS_SEARCH_USER_PATHS = NO;
				CLANG_ANALYZER_NONNULL = YES;
				CLANG_ANALYZER_NUMBER_OBJECT_CONVERSION = YES_AGGRESSIVE;
				CLANG_CXX_LANGUAGE_STANDARD = "gnu++14";
				CLANG_CXX_LIBRARY = "libc++";
				CLANG_ENABLE_MODULES = YES;
				CLANG_ENABLE_OBJC_ARC = YES;
				CLANG_ENABLE_OBJC_WEAK = YES;
				CLANG_WARN_BLOCK_CAPTURE_AUTORELEASING = YES;
				CLANG_WARN_BOOL_CONVERSION = YES;
				CLANG_WARN_COMMA = YES;
				CLANG_WARN_CONSTANT_CONVERSION = YES;
				CLANG_WARN_DEPRECATED_OBJC_IMPLEMENTATIONS = YES;
				CLANG_WARN_DIRECT_OBJC_ISA_USAGE = YES_ERROR;
				CLANG_WARN_DOCUMENTATION_COMMENTS = YES;
				CLANG_WARN_EMPTY_BODY = YES;
				CLANG_WARN_ENUM_CONVERSION = YES;
				CLANG_WARN_INFINITE_RECURSION = YES;
				CLANG_WARN_INT_CONVERSION = YES;
				CLANG_WARN_NON_LITERAL_NULL_CONVERSION = YES;
				CLANG_WARN_OBJC_IMPLICIT_RETAIN_SELF = YES;
				CLANG_WARN_OBJC_LITERAL_CONVERSION = YES;
				CLANG_WARN_OBJC_ROOT_CLASS = YES_ERROR;
				CLANG_WARN_QUOTED_INCLUDE_IN_FRAMEWORK_HEADER = YES;
				CLANG_WARN_RANGE_LOOP_ANALYSIS = YES;
				CLANG_WARN_STRICT_PROTOTYPES = YES;
				CLANG_WARN_SUSPICIOUS_MOVE = YES;
				CLANG_WARN_UNGUARDED_AVAILABILITY = YES_AGGRESSIVE;
				CLANG_WARN_UNREACHABLE_CODE = YES;
				CLANG_WARN__DUPLICATE_METHOD_MATCH = YES;
				COPY_PHASE_STRIP = NO;
				DEBUG_INFORMATION_FORMAT = "dwarf-with-dsym";
				ENABLE_NS_ASSERTIONS = NO;
				ENABLE_STRICT_OBJC_MSGSEND = YES;
				GCC_C_LANGUAGE_STANDARD = gnu11;
				GCC_NO_COMMON_BLOCKS = YES;
				GCC_WARN_64_TO_32_BIT_CONVERSION = YES;
				GCC_WARN_ABOUT_RETURN_TYPE = YES_ERROR;
				GCC_WARN_UNDECLARED_SELECTOR = YES;
				GCC_WARN_UNINITIALIZED_AUTOS = YES_AGGRESSIVE;
				GCC_WARN_UNUSED_FUNCTION = YES;
				GCC_WARN_UNUSED_VARIABLE = YES;
				IPHONEOS_DEPLOYMENT_TARGET = 14.5;
				MTL_ENABLE_DEBUG_INFO = NO;
				MTL_FAST_MATH = YES;
				SDKROOT = iphoneos;
				SWIFT_COMPILATION_MODE = wholemodule;
				SWIFT_OPTIMIZATION_LEVEL = "-O";
				VALIDATE_PRODUCT = YES;
			};
			name = Release;
		};
		4FFB817C297C145700C419D8 /* Debug */ = {
			isa = XCBuildConfiguration;
			buildSettings = {
				ASSETCATALOG_COMPILER_APPICON_NAME = AppIcon;
				ASSETCATALOG_COMPILER_GLOBAL_ACCENT_COLOR_NAME = AccentColor;
				CODE_SIGN_STYLE = Automatic;
				DEVELOPMENT_TEAM = U278MZ55GY;
				INFOPLIST_FILE = BellMediaTest/Info.plist;
				IPHONEOS_DEPLOYMENT_TARGET = 14.3;
				LD_RUNPATH_SEARCH_PATHS = (
					"$(inherited)",
					"@executable_path/Frameworks",
				);
				PRODUCT_BUNDLE_IDENTIFIER = io.doh.BellMediaTest;
				PRODUCT_NAME = "$(TARGET_NAME)";
				SWIFT_VERSION = 5.0;
				TARGETED_DEVICE_FAMILY = "1,2";
			};
			name = Debug;
		};
		4FFB817D297C145700C419D8 /* Release */ = {
			isa = XCBuildConfiguration;
			buildSettings = {
				ASSETCATALOG_COMPILER_APPICON_NAME = AppIcon;
				ASSETCATALOG_COMPILER_GLOBAL_ACCENT_COLOR_NAME = AccentColor;
				CODE_SIGN_STYLE = Automatic;
				DEVELOPMENT_TEAM = U278MZ55GY;
				INFOPLIST_FILE = BellMediaTest/Info.plist;
				IPHONEOS_DEPLOYMENT_TARGET = 14.3;
				LD_RUNPATH_SEARCH_PATHS = (
					"$(inherited)",
					"@executable_path/Frameworks",
				);
				PRODUCT_BUNDLE_IDENTIFIER = io.doh.BellMediaTest;
				PRODUCT_NAME = "$(TARGET_NAME)";
				SWIFT_VERSION = 5.0;
				TARGETED_DEVICE_FAMILY = "1,2";
			};
			name = Release;
		};
		4FFB817F297C145700C419D8 /* Debug */ = {
			isa = XCBuildConfiguration;
			buildSettings = {
				ALWAYS_EMBED_SWIFT_STANDARD_LIBRARIES = YES;
				BUNDLE_LOADER = "$(TEST_HOST)";
				CODE_SIGN_STYLE = Automatic;
				DEVELOPMENT_TEAM = U278MZ55GY;
				INFOPLIST_FILE = BellMediaTestTests/Info.plist;
				IPHONEOS_DEPLOYMENT_TARGET = 14.5;
				LD_RUNPATH_SEARCH_PATHS = (
					"$(inherited)",
					"@executable_path/Frameworks",
					"@loader_path/Frameworks",
				);
				PRODUCT_BUNDLE_IDENTIFIER = io.doh.BellMediaTestTests;
				PRODUCT_NAME = "$(TARGET_NAME)";
				SWIFT_VERSION = 5.0;
				TARGETED_DEVICE_FAMILY = "1,2";
				TEST_HOST = "$(BUILT_PRODUCTS_DIR)/BellMediaTest.app/BellMediaTest";
			};
			name = Debug;
		};
		4FFB8180297C145700C419D8 /* Release */ = {
			isa = XCBuildConfiguration;
			buildSettings = {
				ALWAYS_EMBED_SWIFT_STANDARD_LIBRARIES = YES;
				BUNDLE_LOADER = "$(TEST_HOST)";
				CODE_SIGN_STYLE = Automatic;
				DEVELOPMENT_TEAM = U278MZ55GY;
				INFOPLIST_FILE = BellMediaTestTests/Info.plist;
				IPHONEOS_DEPLOYMENT_TARGET = 14.5;
				LD_RUNPATH_SEARCH_PATHS = (
					"$(inherited)",
					"@executable_path/Frameworks",
					"@loader_path/Frameworks",
				);
				PRODUCT_BUNDLE_IDENTIFIER = io.doh.BellMediaTestTests;
				PRODUCT_NAME = "$(TARGET_NAME)";
				SWIFT_VERSION = 5.0;
				TARGETED_DEVICE_FAMILY = "1,2";
				TEST_HOST = "$(BUILT_PRODUCTS_DIR)/BellMediaTest.app/BellMediaTest";
			};
			name = Release;
		};
		4FFB8182297C145700C419D8 /* Debug */ = {
			isa = XCBuildConfiguration;
			buildSettings = {
				ALWAYS_EMBED_SWIFT_STANDARD_LIBRARIES = YES;
				CODE_SIGN_STYLE = Automatic;
				DEVELOPMENT_TEAM = U278MZ55GY;
				INFOPLIST_FILE = BellMediaTestUITests/Info.plist;
				LD_RUNPATH_SEARCH_PATHS = (
					"$(inherited)",
					"@executable_path/Frameworks",
					"@loader_path/Frameworks",
				);
				PRODUCT_BUNDLE_IDENTIFIER = io.doh.BellMediaTestUITests;
				PRODUCT_NAME = "$(TARGET_NAME)";
				SWIFT_VERSION = 5.0;
				TARGETED_DEVICE_FAMILY = "1,2";
				TEST_TARGET_NAME = BellMediaTest;
			};
			name = Debug;
		};
		4FFB8183297C145700C419D8 /* Release */ = {
			isa = XCBuildConfiguration;
			buildSettings = {
				ALWAYS_EMBED_SWIFT_STANDARD_LIBRARIES = YES;
				CODE_SIGN_STYLE = Automatic;
				DEVELOPMENT_TEAM = U278MZ55GY;
				INFOPLIST_FILE = BellMediaTestUITests/Info.plist;
				LD_RUNPATH_SEARCH_PATHS = (
					"$(inherited)",
					"@executable_path/Frameworks",
					"@loader_path/Frameworks",
				);
				PRODUCT_BUNDLE_IDENTIFIER = io.doh.BellMediaTestUITests;
				PRODUCT_NAME = "$(TARGET_NAME)";
				SWIFT_VERSION = 5.0;
				TARGETED_DEVICE_FAMILY = "1,2";
				TEST_TARGET_NAME = BellMediaTest;
			};
			name = Release;
		};
/* End XCBuildConfiguration section */

/* Begin XCConfigurationList section */
		4FFB814C297C145300C419D8 /* Build configuration list for PBXProject "BellMediaTest" */ = {
			isa = XCConfigurationList;
			buildConfigurations = (
				4FFB8179297C145700C419D8 /* Debug */,
				4FFB817A297C145700C419D8 /* Release */,
			);
			defaultConfigurationIsVisible = 0;
			defaultConfigurationName = Release;
		};
		4FFB817B297C145700C419D8 /* Build configuration list for PBXNativeTarget "BellMediaTest" */ = {
			isa = XCConfigurationList;
			buildConfigurations = (
				4FFB817C297C145700C419D8 /* Debug */,
				4FFB817D297C145700C419D8 /* Release */,
			);
			defaultConfigurationIsVisible = 0;
			defaultConfigurationName = Release;
		};
		4FFB817E297C145700C419D8 /* Build configuration list for PBXNativeTarget "BellMediaTestTests" */ = {
			isa = XCConfigurationList;
			buildConfigurations = (
				4FFB817F297C145700C419D8 /* Debug */,
				4FFB8180297C145700C419D8 /* Release */,
			);
			defaultConfigurationIsVisible = 0;
			defaultConfigurationName = Release;
		};
		4FFB8181297C145700C419D8 /* Build configuration list for PBXNativeTarget "BellMediaTestUITests" */ = {
			isa = XCConfigurationList;
			buildConfigurations = (
				4FFB8182297C145700C419D8 /* Debug */,
				4FFB8183297C145700C419D8 /* Release */,
			);
			defaultConfigurationIsVisible = 0;
			defaultConfigurationName = Release;
		};
/* End XCConfigurationList section */

/* Begin XCRemoteSwiftPackageReference section */
		4F70952F297C9D3F003B20D5 /* XCRemoteSwiftPackageReference "Cosmos" */ = {
			isa = XCRemoteSwiftPackageReference;
			repositoryURL = "https://github.com/evgenyneu/Cosmos.git";
			requirement = {
				kind = exactVersion;
				version = 23.0.0;
			};
		};
		4F709532297C9D81003B20D5 /* XCRemoteSwiftPackageReference "Kingfisher" */ = {
			isa = XCRemoteSwiftPackageReference;
			repositoryURL = "https://github.com/onevcat/Kingfisher.git";
			requirement = {
				kind = upToNextMajorVersion;
				minimumVersion = 7.0.0;
			};
		};
/* End XCRemoteSwiftPackageReference section */

/* Begin XCSwiftPackageProductDependency section */
		4F709530297C9D3F003B20D5 /* Cosmos */ = {
			isa = XCSwiftPackageProductDependency;
			package = 4F70952F297C9D3F003B20D5 /* XCRemoteSwiftPackageReference "Cosmos" */;
			productName = Cosmos;
		};
		4F709533297C9D81003B20D5 /* Kingfisher */ = {
			isa = XCSwiftPackageProductDependency;
			package = 4F709532297C9D81003B20D5 /* XCRemoteSwiftPackageReference "Kingfisher" */;
			productName = Kingfisher;
		};
/* End XCSwiftPackageProductDependency section */
	};
	rootObject = 4FFB8149297C145300C419D8 /* Project object */;
}
